
Microsoft Visual Studio Solution File, Format Version 12.00
# Visual Studio 15
VisualStudioVersion = 15.0.28010.2003
MinimumVisualStudioVersion = 10.0.40219.1
Project("{FAE04EC0-301F-11D3-BF4B-00C04F79EFBC}") = "SampleSetting", "SampleSetting\SampleSetting.csproj", "{517654AA-A3BE-4975-BAD8-94010119C662}"
EndProject
Global
	GlobalSection(SolutionConfigurationPlatforms) = preSolution
		Debug|ARM = Debug|ARM
		Debug|x64 = Debug|x64
		Debug|x86 = Debug|x86
		Release|ARM = Release|ARM
		Release|x64 = Release|x64
		Release|x86 = Release|x86
	EndGlobalSection
	GlobalSection(ProjectConfigurationPlatforms) = postSolution
		{517654AA-A3BE-4975-BAD8-94010119C662}.Debug|ARM.ActiveCfg = Debug|ARM
		{517654AA-A3BE-4975-BAD8-94010119C662}.Debug|ARM.Build.0 = Debug|ARM
		{517654AA-A3BE-4975-BAD8-94010119C662}.Debug|ARM.Deploy.0 = Debug|ARM
		{517654AA-A3BE-4975-BAD8-94010119C662}.Debug|x64.ActiveCfg = Debug|x64
		{517654AA-A3BE-4975-BAD8-94010119C662}.Debug|x64.Build.0 = Debug|x64
		{517654AA-A3BE-4975-BAD8-94010119C662}.Debug|x64.Deploy.0 = Debug|x64
		{517654AA-A3BE-4975-BAD8-94010119C662}.Debug|x86.ActiveCfg = Debug|x86
		{517654AA-A3BE-4975-BAD8-94010119C662}.Debug|x86.Build.0 = Debug|x86
		{517654AA-A3BE-4975-BAD8-94010119C662}.Debug|x86.Deploy.0 = Debug|x86
		{517654AA-A3BE-4975-BAD8-94010119C662}.Release|ARM.ActiveCfg = Release|ARM
		{517654AA-A3BE-4975-BAD8-94010119C662}.Release|ARM.Build.0 = Release|ARM
		{517654AA-A3BE-4975-BAD8-94010119C662}.Release|ARM.Deploy.0 = Release|ARM
		{517654AA-A3BE-4975-BAD8-94010119C662}.Release|x64.ActiveCfg = Release|x64
		{517654AA-A3BE-4975-BAD8-94010119C662}.Release|x64.Build.0 = Release|x64
		{517654AA-A3BE-4975-BAD8-94010119C662}.Release|x64.Deploy.0 = Release|x64
		{517654AA-A3BE-4975-BAD8-94010119C662}.Release|x86.ActiveCfg = Release|x86
		{517654AA-A3BE-4975-BAD8-94010119C662}.Release|x86.Build.0 = Release|x86
		{517654AA-A3BE-4975-BAD8-94010119C662}.Release|x86.Deploy.0 = Release|x86
	EndGlobalSection
	GlobalSection(SolutionProperties) = preSolution
		HideSolutionNode = FALSE
	EndGlobalSection
	GlobalSection(ExtensibilityGlobals) = postSolution
		SolutionGuid = {8550A3C1-4E5C-40E9-9D0B-A7AFAA27EA33}
	EndGlobalSection
EndGlobal
